<?xml version="1.0" encoding="utf-8"?>
<Project ToolsVersion="4.0" xmlns="http://schemas.microsoft.com/developer/msbuild/2003">
  <ItemGroup>
    <Filter Include="ソース ファイル">
      <UniqueIdentifier>{4FC737F1-C7A5-4376-A066-2A32D752A2FF}</UniqueIdentifier>
      <Extensions>cpp;c;cc;cxx;c++;cppm;ixx;def;odl;idl;hpj;bat;asm;asmx</Extensions>
    </Filter>
    <Filter Include="ヘッダー ファイル">
      <UniqueIdentifier>{93995380-89BD-4b04-88EB-625FBE52EBFB}</UniqueIdentifier>
      <Extensions>h;hh;hpp;hxx;h++;hm;inl;inc;ipp;xsd</Extensions>
    </Filter>
    <Filter Include="リソース ファイル">
      <UniqueIdentifier>{67DA6AB6-F800-4c08-8B7A-83BB121AAD01}</UniqueIdentifier>
      <Extensions>rc;ico;cur;bmp;dlg;rc2;rct;bin;rgs;gif;jpg;jpeg;jpe;resx;tiff;tif;png;wav;mfcribbon-ms</Extensions>
    </Filter>
    <Filter Include="ヘッダー ファイル\Serializer">
      <UniqueIdentifier>{051728b7-53a4-4609-b3a9-bf1988faba87}</UniqueIdentifier>
    </Filter>
    <Filter Include="ソース ファイル\Serializer">
      <UniqueIdentifier>{ceb83b4a-8ec9-43e2-9dea-590428c0a17a}</UniqueIdentifier>
    </Filter>
    <Filter Include="ヘッダー ファイル\Serializer\Types">
      <UniqueIdentifier>{4922bacf-c7ec-4a7c-b877-052ef0c3a0be}</UniqueIdentifier>
    </Filter>
    <Filter Include="ThirdParty">
      <UniqueIdentifier>{c9b4d9f9-d074-44d7-95fb-a3ec61560f52}</UniqueIdentifier>
    </Filter>
  </ItemGroup>
  <ItemGroup>
    <ClCompile Include="FontSDF.cpp">
      <Filter>ソース ファイル</Filter>
    </ClCompile>
  </ItemGroup>
  <ItemGroup>
    <ClInclude Include="FontLoader.h">
      <Filter>ヘッダー ファイル</Filter>
    </ClInclude>
    <ClInclude Include="include\Serializer\Traits.h">
      <Filter>ヘッダー ファイル\Serializer</Filter>
    </ClInclude>
    <ClInclude Include="include\Serializer\SerializeImpl.h">
      <Filter>ヘッダー ファイル\Serializer</Filter>
    </ClInclude>
    <ClInclude Include="include\Serializer\BinarySerializer.h">
      <Filter>ヘッダー ファイル\Serializer</Filter>
    </ClInclude>
    <ClInclude Include="include\Serializer\Accessor.h">
      <Filter>ヘッダー ファイル\Serializer</Filter>
    </ClInclude>
    <ClInclude Include="include\Serializer\Types.h">
      <Filter>ヘッダー ファイル\Serializer</Filter>
    </ClInclude>
    <ClInclude Include="include\Serializer\SerializeDemo.h">
      <Filter>ヘッダー ファイル\Serializer</Filter>
    </ClInclude>
    <ClInclude Include="include\Serializer\Types\BuiltInType.h">
      <Filter>ヘッダー ファイル\Serializer\Types</Filter>
    </ClInclude>
    <ClInclude Include="include\Serializer\Types\string.h">
      <Filter>ヘッダー ファイル\Serializer\Types</Filter>
    </ClInclude>
    <ClInclude Include="include\Serializer\Types\vector.h">
      <Filter>ヘッダー ファイル\Serializer\Types</Filter>
    </ClInclude>
    <ClInclude Include="include\Serializer\Serializer.h">
      <Filter>ヘッダー ファイル\Serializer</Filter>
    </ClInclude>
    <ClInclude Include="include\Serializer\JsonSerializer.h">
      <Filter>ヘッダー ファイル\Serializer</Filter>
    </ClInclude>
    <ClInclude Include="include\nlohmann\adl_serializer.hpp">
      <Filter>ThirdParty</Filter>
    </ClInclude>
    <ClInclude Include="include\nlohmann\byte_container_with_subtype.hpp">
      <Filter>ThirdParty</Filter>
    </ClInclude>
    <ClInclude Include="include\nlohmann\detail\abi_macros.hpp">
      <Filter>ThirdParty</Filter>
    </ClInclude>
    <ClInclude Include="include\nlohmann\detail\conversions\from_json.hpp">
      <Filter>ThirdParty</Filter>
    </ClInclude>
    <ClInclude Include="include\nlohmann\detail\conversions\to_chars.hpp">
      <Filter>ThirdParty</Filter>
    </ClInclude>
    <ClInclude Include="include\nlohmann\detail\conversions\to_json.hpp">
      <Filter>ThirdParty</Filter>
    </ClInclude>
    <ClInclude Include="include\nlohmann\detail\exceptions.hpp">
      <Filter>ThirdParty</Filter>
    </ClInclude>
    <ClInclude Include="include\nlohmann\detail\hash.hpp">
      <Filter>ThirdParty</Filter>
    </ClInclude>
    <ClInclude Include="include\nlohmann\detail\input\binary_reader.hpp">
      <Filter>ThirdParty</Filter>
    </ClInclude>
    <ClInclude Include="include\nlohmann\detail\input\input_adapters.hpp">
      <Filter>ThirdParty</Filter>
    </ClInclude>
    <ClInclude Include="include\nlohmann\detail\input\json_sax.hpp">
      <Filter>ThirdParty</Filter>
    </ClInclude>
    <ClInclude Include="include\nlohmann\detail\input\lexer.hpp">
      <Filter>ThirdParty</Filter>
    </ClInclude>
    <ClInclude Include="include\nlohmann\detail\input\parser.hpp">
      <Filter>ThirdParty</Filter>
    </ClInclude>
    <ClInclude Include="include\nlohmann\detail\input\position_t.hpp">
      <Filter>ThirdParty</Filter>
    </ClInclude>
    <ClInclude Include="include\nlohmann\detail\iterators\internal_iterator.hpp">
      <Filter>ThirdParty</Filter>
    </ClInclude>
    <ClInclude Include="include\nlohmann\detail\iterators\iteration_proxy.hpp">
      <Filter>ThirdParty</Filter>
    </ClInclude>
    <ClInclude Include="include\nlohmann\detail\iterators\iterator_traits.hpp">
      <Filter>ThirdParty</Filter>
    </ClInclude>
    <ClInclude Include="include\nlohmann\detail\iterators\iter_impl.hpp">
      <Filter>ThirdParty</Filter>
    </ClInclude>
    <ClInclude Include="include\nlohmann\detail\iterators\json_reverse_iterator.hpp">
      <Filter>ThirdParty</Filter>
    </ClInclude>
    <ClInclude Include="include\nlohmann\detail\iterators\primitive_iterator.hpp">
      <Filter>ThirdParty</Filter>
    </ClInclude>
    <ClInclude Include="include\nlohmann\detail\json_custom_base_class.hpp">
      <Filter>ThirdParty</Filter>
    </ClInclude>
    <ClInclude Include="include\nlohmann\detail\json_pointer.hpp">
      <Filter>ThirdParty</Filter>
    </ClInclude>
    <ClInclude Include="include\nlohmann\detail\json_ref.hpp">
      <Filter>ThirdParty</Filter>
    </ClInclude>
    <ClInclude Include="include\nlohmann\detail\macro_scope.hpp">
      <Filter>ThirdParty</Filter>
    </ClInclude>
    <ClInclude Include="include\nlohmann\detail\macro_unscope.hpp">
      <Filter>ThirdParty</Filter>
    </ClInclude>
    <ClInclude Include="include\nlohmann\detail\meta\call_std\begin.hpp">
      <Filter>ThirdParty</Filter>
    </ClInclude>
    <ClInclude Include="include\nlohmann\detail\meta\call_std\end.hpp">
      <Filter>ThirdParty</Filter>
    </ClInclude>
    <ClInclude Include="include\nlohmann\detail\meta\cpp_future.hpp">
      <Filter>ThirdParty</Filter>
    </ClInclude>
    <ClInclude Include="include\nlohmann\detail\meta\detected.hpp">
      <Filter>ThirdParty</Filter>
    </ClInclude>
    <ClInclude Include="include\nlohmann\detail\meta\identity_tag.hpp">
      <Filter>ThirdParty</Filter>
    </ClInclude>
    <ClInclude Include="include\nlohmann\detail\meta\is_sax.hpp">
      <Filter>ThirdParty</Filter>
    </ClInclude>
    <ClInclude Include="include\nlohmann\detail\meta\std_fs.hpp">
      <Filter>ThirdParty</Filter>
    </ClInclude>
    <ClInclude Include="include\nlohmann\detail\meta\type_traits.hpp">
      <Filter>ThirdParty</Filter>
    </ClInclude>
    <ClInclude Include="include\nlohmann\detail\meta\void_t.hpp">
      <Filter>ThirdParty</Filter>
    </ClInclude>
    <ClInclude Include="include\nlohmann\detail\output\binary_writer.hpp">
      <Filter>ThirdParty</Filter>
    </ClInclude>
    <ClInclude Include="include\nlohmann\detail\output\output_adapters.hpp">
      <Filter>ThirdParty</Filter>
    </ClInclude>
    <ClInclude Include="include\nlohmann\detail\output\serializer.hpp">
      <Filter>ThirdParty</Filter>
    </ClInclude>
    <ClInclude Include="include\nlohmann\detail\string_concat.hpp">
      <Filter>ThirdParty</Filter>
    </ClInclude>
    <ClInclude Include="include\nlohmann\detail\string_escape.hpp">
      <Filter>ThirdParty</Filter>
    </ClInclude>
    <ClInclude Include="include\nlohmann\detail\string_utils.hpp">
      <Filter>ThirdParty</Filter>
    </ClInclude>
    <ClInclude Include="include\nlohmann\detail\value_t.hpp">
      <Filter>ThirdParty</Filter>
    </ClInclude>
    <ClInclude Include="include\nlohmann\json.hpp">
      <Filter>ThirdParty</Filter>
    </ClInclude>
    <ClInclude Include="include\nlohmann\json_fwd.hpp">
      <Filter>ThirdParty</Filter>
    </ClInclude>
    <ClInclude Include="include\nlohmann\ordered_map.hpp">
      <Filter>ThirdParty</Filter>
    </ClInclude>
    <ClInclude Include="include\nlohmann\thirdparty\hedley\hedley.hpp">
      <Filter>ThirdParty</Filter>
    </ClInclude>
    <ClInclude Include="include\nlohmann\thirdparty\hedley\hedley_undef.hpp">
      <Filter>ThirdParty</Filter>
    </ClInclude>
    <ClInclude Include="include\Serializer\TextSerializer.h">
      <Filter>ヘッダー ファイル\Serializer</Filter>
    </ClInclude>
    <ClInclude Include="jsonParse.h">
      <Filter>ヘッダー ファイル</Filter>
    </ClInclude>
  </ItemGroup>
</Project>